
Microsoft Visual Studio Solution File, Format Version 12.00
# Visual Studio Version 16
VisualStudioVersion = 16.0.29102.190
MinimumVisualStudioVersion = 10.0.40219.1
Project("{FAE04EC0-301F-11D3-BF4B-00C04F79EFBC}") = "Behavioral.Observer", "Behavioral.Observer\Behavioral.Observer.csproj", "{30ACE0F9-C4FE-4646-9D57-2B0CBC66E435}"
EndProject
Global
	GlobalSection(SolutionConfigurationPlatforms) = preSolution
		Debug|Any CPU = Debug|Any CPU
		Release|Any CPU = Release|Any CPU
	EndGlobalSection
	GlobalSection(ProjectConfigurationPlatforms) = postSolution
		{30ACE0F9-C4FE-4646-9D57-2B0CBC66E435}.Debug|Any CPU.ActiveCfg = Debug|Any CPU
		{30ACE0F9-C4FE-4646-9D57-2B0CBC66E435}.Debug|Any CPU.Build.0 = Debug|Any CPU
		{30ACE0F9-C4FE-4646-9D57-2B0CBC66E435}.Release|Any CPU.ActiveCfg = Release|Any CPU
		{30ACE0F9-C4FE-4646-9D57-2B0CBC66E435}.Release|Any CPU.Build.0 = Release|Any CPU
	EndGlobalSection
	GlobalSection(SolutionProperties) = preSolution
		HideSolutionNode = FALSE
	EndGlobalSection
	GlobalSection(ExtensibilityGlobals) = postSolution
		SolutionGuid = {B14D8980-C45C-43FA-834B-33F1551D20D9}
	EndGlobalSection
EndGlobal
